{
  "name": "json",
  "version": "1.0.0",
  "lockfileVersion": 2,
  "requires": true,
  "packages": {
    "": {
      "name": "json",
      "version": "1.0.0",
      "license": "ISC",
      "dependencies": {
        "calendar-js": "^1.4.4"
      }
    },
    "node_modules/calendar-js": {
      "version": "1.4.4",
      "resolved": "https://registry.npmjs.org/calendar-js/-/calendar-js-1.4.4.tgz",
      "integrity": "sha512-KesBEbMZnjGzO/xl0ZcJVnezSRw3Xn/KaSUneY4LnANKlZwlllOtd6UGSyW8DSM+diUNi5dVVmSx4eZIMAA2Aw==",
      "engines": {
        "node": ">=4.6.0"
      }
    }
  },
  "dependencies": {
    "calendar-js": {
      "version": "1.4.4",
      "resolved": "https://registry.npmjs.org/calendar-js/-/calendar-js-1.4.4.tgz",
      "integrity": "sha512-KesBEbMZnjGzO/xl0ZcJVnezSRw3Xn/KaSUneY4LnANKlZwlllOtd6UGSyW8DSM+diUNi5dVVmSx4eZIMAA2Aw=="
    }
  }
}
